// !$*UTF8*$!
{
	archiveVersion = 1;
	classes = {
	};
	objectVersion = 56;
	objects = {

/* Begin PBXBuildFile section */
		562AC6F84B2BB3FEFC13F82C /* Pods_TransectCompanion.framework in Frameworks */ = {isa = PBXBuildFile; fileRef = 0A9B3A6B45E0DC985C6E4ADE /* Pods_TransectCompanion.framework */; };
		FE08165D29F9DB1300C4A77C /* TransectCompanionApp.swift in Sources */ = {isa = PBXBuildFile; fileRef = FE08165C29F9DB1300C4A77C /* TransectCompanionApp.swift */; };
		FE08166129F9DB1400C4A77C /* Assets.xcassets in Resources */ = {isa = PBXBuildFile; fileRef = FE08166029F9DB1400C4A77C /* Assets.xcassets */; };
		FE08166429F9DB1400C4A77C /* Preview Assets.xcassets in Resources */ = {isa = PBXBuildFile; fileRef = FE08166329F9DB1400C4A77C /* Preview Assets.xcassets */; };
		FE93D5D829F9E29E00492C4C /* LocationManager.swift in Sources */ = {isa = PBXBuildFile; fileRef = FE93D5D729F9E29E00492C4C /* LocationManager.swift */; };
		FE93D5DB29F9E2D900492C4C /* WatchSessionManager.swift in Sources */ = {isa = PBXBuildFile; fileRef = FE93D5DA29F9E2D900492C4C /* WatchSessionManager.swift */; };
		FE93D5DD29F9E31100492C4C /* ContentView.swift in Sources */ = {isa = PBXBuildFile; fileRef = FE93D5DC29F9E31100492C4C /* ContentView.swift */; };
		FE93D5E129FA3E2E00492C4C /* MapView.swift in Sources */ = {isa = PBXBuildFile; fileRef = FE93D5E029FA3E2E00492C4C /* MapView.swift */; };
		FE93D5E429FADB4400492C4C /* SettingsView.swift in Sources */ = {isa = PBXBuildFile; fileRef = FE93D5E329FADB4300492C4C /* SettingsView.swift */; };
		FED7189C29FF21BF007ED046 /* CompassView.swift in Sources */ = {isa = PBXBuildFile; fileRef = FED7189B29FF21BF007ED046 /* CompassView.swift */; };
/* End PBXBuildFile section */

/* Begin PBXCopyFilesBuildPhase section */
		FE50D3DE2A075F9400D8ABAA /* Embed Frameworks */ = {
			isa = PBXCopyFilesBuildPhase;
			buildActionMask = 2147483647;
			dstPath = "";
			dstSubfolderSpec = 10;
			files = (
			);
			name = "Embed Frameworks";
			runOnlyForDeploymentPostprocessing = 0;
		};
		FE93D5D229F9E05100492C4C /* Embed Watch Content */ = {
			isa = PBXCopyFilesBuildPhase;
			buildActionMask = 2147483647;
			dstPath = "$(CONTENTS_FOLDER_PATH)/Watch";
			dstSubfolderSpec = 16;
			files = (
			);
			name = "Embed Watch Content";
			runOnlyForDeploymentPostprocessing = 0;
		};
/* End PBXCopyFilesBuildPhase section */

/* Begin PBXFileReference section */
		0A9B3A6B45E0DC985C6E4ADE /* Pods_TransectCompanion.framework */ = {isa = PBXFileReference; explicitFileType = wrapper.framework; includeInIndex = 0; path = Pods_TransectCompanion.framework; sourceTree = BUILT_PRODUCTS_DIR; };
		122A3D2D5E2C270A7C9F6F1E /* Pods-TransectCompanion.debug.xcconfig */ = {isa = PBXFileReference; includeInIndex = 1; lastKnownFileType = text.xcconfig; name = "Pods-TransectCompanion.debug.xcconfig"; path = "Target Support Files/Pods-TransectCompanion/Pods-TransectCompanion.debug.xcconfig"; sourceTree = "<group>"; };
		43F4714484CD0F4D29E5F16E /* Pods-TransectCompanion.release.xcconfig */ = {isa = PBXFileReference; includeInIndex = 1; lastKnownFileType = text.xcconfig; name = "Pods-TransectCompanion.release.xcconfig"; path = "Target Support Files/Pods-TransectCompanion/Pods-TransectCompanion.release.xcconfig"; sourceTree = "<group>"; };
		FE08165929F9DB1300C4A77C /* TransectCompanion.app */ = {isa = PBXFileReference; explicitFileType = wrapper.application; includeInIndex = 0; path = TransectCompanion.app; sourceTree = BUILT_PRODUCTS_DIR; };
		FE08165C29F9DB1300C4A77C /* TransectCompanionApp.swift */ = {isa = PBXFileReference; lastKnownFileType = sourcecode.swift; path = TransectCompanionApp.swift; sourceTree = "<group>"; };
		FE08166029F9DB1400C4A77C /* Assets.xcassets */ = {isa = PBXFileReference; lastKnownFileType = folder.assetcatalog; path = Assets.xcassets; sourceTree = "<group>"; };
		FE08166329F9DB1400C4A77C /* Preview Assets.xcassets */ = {isa = PBXFileReference; lastKnownFileType = folder.assetcatalog; path = "Preview Assets.xcassets"; sourceTree = "<group>"; };
		FE93D5D729F9E29E00492C4C /* LocationManager.swift */ = {isa = PBXFileReference; fileEncoding = 4; lastKnownFileType = sourcecode.swift; path = LocationManager.swift; sourceTree = "<group>"; };
		FE93D5DA29F9E2D900492C4C /* WatchSessionManager.swift */ = {isa = PBXFileReference; fileEncoding = 4; lastKnownFileType = sourcecode.swift; path = WatchSessionManager.swift; sourceTree = "<group>"; };
		FE93D5DC29F9E31100492C4C /* ContentView.swift */ = {isa = PBXFileReference; fileEncoding = 4; lastKnownFileType = sourcecode.swift; path = ContentView.swift; sourceTree = "<group>"; };
		FE93D5DE29F9E47800492C4C /* Info.plist */ = {isa = PBXFileReference; lastKnownFileType = text.plist; path = Info.plist; sourceTree = "<group>"; };
		FE93D5E029FA3E2E00492C4C /* MapView.swift */ = {isa = PBXFileReference; lastKnownFileType = sourcecode.swift; path = MapView.swift; sourceTree = "<group>"; };
		FE93D5E329FADB4300492C4C /* SettingsView.swift */ = {isa = PBXFileReference; lastKnownFileType = sourcecode.swift; path = SettingsView.swift; sourceTree = "<group>"; };
		FED7189B29FF21BF007ED046 /* CompassView.swift */ = {isa = PBXFileReference; fileEncoding = 4; lastKnownFileType = sourcecode.swift; path = CompassView.swift; sourceTree = "<group>"; };
/* End PBXFileReference section */

/* Begin PBXFrameworksBuildPhase section */
		FE08165629F9DB1300C4A77C /* Frameworks */ = {
			isa = PBXFrameworksBuildPhase;
			buildActionMask = 2147483647;
			files = (
				562AC6F84B2BB3FEFC13F82C /* Pods_TransectCompanion.framework in Frameworks */,
			);
			runOnlyForDeploymentPostprocessing = 0;
		};
/* End PBXFrameworksBuildPhase section */

/* Begin PBXGroup section */
		2731DFB09CBC46C85A4538DA /* Pods */ = {
			isa = PBXGroup;
			children = (
				122A3D2D5E2C270A7C9F6F1E /* Pods-TransectCompanion.debug.xcconfig */,
				43F4714484CD0F4D29E5F16E /* Pods-TransectCompanion.release.xcconfig */,
			);
			path = Pods;
			sourceTree = "<group>";
		};
		C29BB26EDE28AC4B9E09AC1F /* Frameworks */ = {
			isa = PBXGroup;
			children = (
				0A9B3A6B45E0DC985C6E4ADE /* Pods_TransectCompanion.framework */,
			);
			name = Frameworks;
			sourceTree = "<group>";
		};
		FE08165029F9DB1300C4A77C = {
			isa = PBXGroup;
			children = (
				FE93D5E929FB4F7600492C4C /* Compass */,
				FE93D5E229FADB3300492C4C /* Settings */,
				FE93D5DF29FA3E1A00492C4C /* Map */,
				FE93D5D929F9E2D900492C4C /* Watch Connectivity */,
				FE93D5D629F9E26500492C4C /* Location */,
				FE08165B29F9DB1300C4A77C /* TransectCompanion */,
				FE08165A29F9DB1300C4A77C /* Products */,
				2731DFB09CBC46C85A4538DA /* Pods */,
				C29BB26EDE28AC4B9E09AC1F /* Frameworks */,
			);
			sourceTree = "<group>";
		};
		FE08165A29F9DB1300C4A77C /* Products */ = {
			isa = PBXGroup;
			children = (
				FE08165929F9DB1300C4A77C /* TransectCompanion.app */,
			);
			name = Products;
			sourceTree = "<group>";
		};
		FE08165B29F9DB1300C4A77C /* TransectCompanion */ = {
			isa = PBXGroup;
			children = (
				FE93D5DE29F9E47800492C4C /* Info.plist */,
				FE08165C29F9DB1300C4A77C /* TransectCompanionApp.swift */,
				FE93D5DC29F9E31100492C4C /* ContentView.swift */,
				FE08166029F9DB1400C4A77C /* Assets.xcassets */,
				FE08166229F9DB1400C4A77C /* Preview Content */,
			);
			path = TransectCompanion;
			sourceTree = "<group>";
		};
		FE08166229F9DB1400C4A77C /* Preview Content */ = {
			isa = PBXGroup;
			children = (
				FE08166329F9DB1400C4A77C /* Preview Assets.xcassets */,
			);
			path = "Preview Content";
			sourceTree = "<group>";
		};
		FE93D5D629F9E26500492C4C /* Location */ = {
			isa = PBXGroup;
			children = (
				FE93D5D729F9E29E00492C4C /* LocationManager.swift */,
			);
			path = Location;
			sourceTree = "<group>";
		};
		FE93D5D929F9E2D900492C4C /* Watch Connectivity */ = {
			isa = PBXGroup;
			children = (
				FE93D5DA29F9E2D900492C4C /* WatchSessionManager.swift */,
			);
			path = "Watch Connectivity";
			sourceTree = "<group>";
		};
		FE93D5DF29FA3E1A00492C4C /* Map */ = {
			isa = PBXGroup;
			children = (
				FE93D5E029FA3E2E00492C4C /* MapView.swift */,
			);
			path = Map;
			sourceTree = "<group>";
		};
		FE93D5E229FADB3300492C4C /* Settings */ = {
			isa = PBXGroup;
			children = (
				FE93D5E329FADB4300492C4C /* SettingsView.swift */,
			);
			path = Settings;
			sourceTree = "<group>";
		};
		FE93D5E929FB4F7600492C4C /* Compass */ = {
			isa = PBXGroup;
			children = (
				FED7189B29FF21BF007ED046 /* CompassView.swift */,
			);
			path = Compass;
			sourceTree = "<group>";
		};
/* End PBXGroup section */

/* Begin PBXNativeTarget section */
		FE08165829F9DB1300C4A77C /* TransectCompanion */ = {
			isa = PBXNativeTarget;
			buildConfigurationList = FE08166729F9DB1400C4A77C /* Build configuration list for PBXNativeTarget "TransectCompanion" */;
			buildPhases = (
				06FC0E473414E908C12C112E /* [CP] Check Pods Manifest.lock */,
				FE08165529F9DB1300C4A77C /* Sources */,
				FE08165629F9DB1300C4A77C /* Frameworks */,
				FE08165729F9DB1300C4A77C /* Resources */,
				C31CA60229E67A4D8A685F2F /* [CP] Embed Pods Frameworks */,
				7CBCE427F5B8BF72E67BD25F /* [CP] Copy Pods Resources */,
				FE93D5D229F9E05100492C4C /* Embed Watch Content */,
				FE50D3DE2A075F9400D8ABAA /* Embed Frameworks */,
			);
			buildRules = (
			);
			dependencies = (
			);
			name = TransectCompanion;
			productName = TransectCompanion;
			productReference = FE08165929F9DB1300C4A77C /* TransectCompanion.app */;
			productType = "com.apple.product-type.application";
		};
/* End PBXNativeTarget section */

/* Begin PBXProject section */
		FE08165129F9DB1300C4A77C /* Project object */ = {
			isa = PBXProject;
			attributes = {
				BuildIndependentTargetsInParallel = 1;
				LastSwiftUpdateCheck = 1430;
				LastUpgradeCheck = 1430;
				TargetAttributes = {
					FE08165829F9DB1300C4A77C = {
						CreatedOnToolsVersion = 14.3;
					};
				};
			};
			buildConfigurationList = FE08165429F9DB1300C4A77C /* Build configuration list for PBXProject "TransectCompanion" */;
			compatibilityVersion = "Xcode 14.0";
			developmentRegion = en;
			hasScannedForEncodings = 0;
			knownRegions = (
				en,
				Base,
			);
			mainGroup = FE08165029F9DB1300C4A77C;
			productRefGroup = FE08165A29F9DB1300C4A77C /* Products */;
			projectDirPath = "";
			projectRoot = "";
			targets = (
				FE08165829F9DB1300C4A77C /* TransectCompanion */,
			);
		};
/* End PBXProject section */

/* Begin PBXResourcesBuildPhase section */
		FE08165729F9DB1300C4A77C /* Resources */ = {
			isa = PBXResourcesBuildPhase;
			buildActionMask = 2147483647;
			files = (
				FE08166429F9DB1400C4A77C /* Preview Assets.xcassets in Resources */,
				FE08166129F9DB1400C4A77C /* Assets.xcassets in Resources */,
			);
			runOnlyForDeploymentPostprocessing = 0;
		};
/* End PBXResourcesBuildPhase section */

/* Begin PBXShellScriptBuildPhase section */
		06FC0E473414E908C12C112E /* [CP] Check Pods Manifest.lock */ = {
			isa = PBXShellScriptBuildPhase;
			buildActionMask = 2147483647;
			files = (
			);
			inputFileListPaths = (
			);
			inputPaths = (
				"${PODS_PODFILE_DIR_PATH}/Podfile.lock",
				"${PODS_ROOT}/Manifest.lock",
			);
			name = "[CP] Check Pods Manifest.lock";
			outputFileListPaths = (
			);
			outputPaths = (
				"$(DERIVED_FILE_DIR)/Pods-TransectCompanion-checkManifestLockResult.txt",
			);
			runOnlyForDeploymentPostprocessing = 0;
			shellPath = /bin/sh;
			shellScript = "diff \"${PODS_PODFILE_DIR_PATH}/Podfile.lock\" \"${PODS_ROOT}/Manifest.lock\" > /dev/null\nif [ $? != 0 ] ; then\n    # print error to STDERR\n    echo \"error: The sandbox is not in sync with the Podfile.lock. Run 'pod install' or update your CocoaPods installation.\" >&2\n    exit 1\nfi\n# This output is used by Xcode 'outputs' to avoid re-running this script phase.\necho \"SUCCESS\" > \"${SCRIPT_OUTPUT_FILE_0}\"\n";
			showEnvVarsInLog = 0;
		};
		7CBCE427F5B8BF72E67BD25F /* [CP] Copy Pods Resources */ = {
			isa = PBXShellScriptBuildPhase;
			buildActionMask = 2147483647;
			files = (
			);
			inputFileListPaths = (
				"${PODS_ROOT}/Target Support Files/Pods-TransectCompanion/Pods-TransectCompanion-resources-${CONFIGURATION}-input-files.xcfilelist",
			);
			name = "[CP] Copy Pods Resources";
			outputFileListPaths = (
				"${PODS_ROOT}/Target Support Files/Pods-TransectCompanion/Pods-TransectCompanion-resources-${CONFIGURATION}-output-files.xcfilelist",
			);
			runOnlyForDeploymentPostprocessing = 0;
			shellPath = /bin/sh;
			shellScript = "\"${PODS_ROOT}/Target Support Files/Pods-TransectCompanion/Pods-TransectCompanion-resources.sh\"\n";
			showEnvVarsInLog = 0;
		};
		C31CA60229E67A4D8A685F2F /* [CP] Embed Pods Frameworks */ = {
			isa = PBXShellScriptBuildPhase;
			buildActionMask = 2147483647;
			files = (
			);
			inputFileListPaths = (
				"${PODS_ROOT}/Target Support Files/Pods-TransectCompanion/Pods-TransectCompanion-frameworks-${CONFIGURATION}-input-files.xcfilelist",
			);
			name = "[CP] Embed Pods Frameworks";
			outputFileListPaths = (
				"${PODS_ROOT}/Target Support Files/Pods-TransectCompanion/Pods-TransectCompanion-frameworks-${CONFIGURATION}-output-files.xcfilelist",
			);
			runOnlyForDeploymentPostprocessing = 0;
			shellPath = /bin/sh;
			shellScript = "\"${PODS_ROOT}/Target Support Files/Pods-TransectCompanion/Pods-TransectCompanion-frameworks.sh\"\n";
			showEnvVarsInLog = 0;
		};
/* End PBXShellScriptBuildPhase section */

/* Begin PBXSourcesBuildPhase section */
		FE08165529F9DB1300C4A77C /* Sources */ = {
			isa = PBXSourcesBuildPhase;
			buildActionMask = 2147483647;
			files = (
				FED7189C29FF21BF007ED046 /* CompassView.swift in Sources */,
				FE08165D29F9DB1300C4A77C /* TransectCompanionApp.swift in Sources */,
				FE93D5DB29F9E2D900492C4C /* WatchSessionManager.swift in Sources */,
				FE93D5E129FA3E2E00492C4C /* MapView.swift in Sources */,
				FE93D5E429FADB4400492C4C /* SettingsView.swift in Sources */,
				FE93D5DD29F9E31100492C4C /* ContentView.swift in Sources */,
				FE93D5D829F9E29E00492C4C /* LocationManager.swift in Sources */,
			);
			runOnlyForDeploymentPostprocessing = 0;
		};
/* End PBXSourcesBuildPhase section */

/* Begin XCBuildConfiguration section */
		FE08166529F9DB1400C4A77C /* Debug */ = {
			isa = XCBuildConfiguration;
			buildSettings = {
				ALWAYS_SEARCH_USER_PATHS = NO;
				CLANG_ANALYZER_NONNULL = YES;
				CLANG_ANALYZER_NUMBER_OBJECT_CONVERSION = YES_AGGRESSIVE;
				CLANG_CXX_LANGUAGE_STANDARD = "gnu++20";
				CLANG_ENABLE_MODULES = YES;
				CLANG_ENABLE_OBJC_ARC = YES;
				CLANG_ENABLE_OBJC_WEAK = YES;
				CLANG_WARN_BLOCK_CAPTURE_AUTORELEASING = YES;
				CLANG_WARN_BOOL_CONVERSION = YES;
				CLANG_WARN_COMMA = YES;
				CLANG_WARN_CONSTANT_CONVERSION = YES;
				CLANG_WARN_DEPRECATED_OBJC_IMPLEMENTATIONS = YES;
				CLANG_WARN_DIRECT_OBJC_ISA_USAGE = YES_ERROR;
				CLANG_WARN_DOCUMENTATION_COMMENTS = YES;
				CLANG_WARN_EMPTY_BODY = YES;
				CLANG_WARN_ENUM_CONVERSION = YES;
				CLANG_WARN_INFINITE_RECURSION = YES;
				CLANG_WARN_INT_CONVERSION = YES;
				CLANG_WARN_NON_LITERAL_NULL_CONVERSION = YES;
				CLANG_WARN_OBJC_IMPLICIT_RETAIN_SELF = YES;
				CLANG_WARN_OBJC_LITERAL_CONVERSION = YES;
				CLANG_WARN_OBJC_ROOT_CLASS = YES_ERROR;
				CLANG_WARN_QUOTED_INCLUDE_IN_FRAMEWORK_HEADER = YES;
				CLANG_WARN_RANGE_LOOP_ANALYSIS = YES;
				CLANG_WARN_STRICT_PROTOTYPES = YES;
				CLANG_WARN_SUSPICIOUS_MOVE = YES;
				CLANG_WARN_UNGUARDED_AVAILABILITY = YES_AGGRESSIVE;
				CLANG_WARN_UNREACHABLE_CODE = YES;
				CLANG_WARN__DUPLICATE_METHOD_MATCH = YES;
				COPY_PHASE_STRIP = NO;
				DEBUG_INFORMATION_FORMAT = dwarf;
				ENABLE_STRICT_OBJC_MSGSEND = YES;
				ENABLE_TESTABILITY = YES;
				GCC_C_LANGUAGE_STANDARD = gnu11;
				GCC_DYNAMIC_NO_PIC = NO;
				GCC_NO_COMMON_BLOCKS = YES;
				GCC_OPTIMIZATION_LEVEL = 0;
				GCC_PREPROCESSOR_DEFINITIONS = (
					"DEBUG=1",
					"$(inherited)",
				);
				GCC_WARN_64_TO_32_BIT_CONVERSION = YES;
				GCC_WARN_ABOUT_RETURN_TYPE = YES_ERROR;
				GCC_WARN_UNDECLARED_SELECTOR = YES;
				GCC_WARN_UNINITIALIZED_AUTOS = YES_AGGRESSIVE;
				GCC_WARN_UNUSED_FUNCTION = YES;
				GCC_WARN_UNUSED_VARIABLE = YES;
				IPHONEOS_DEPLOYMENT_TARGET = 16.4;
				MTL_ENABLE_DEBUG_INFO = INCLUDE_SOURCE;
				MTL_FAST_MATH = YES;
				ONLY_ACTIVE_ARCH = YES;
				SDKROOT = iphoneos;
				SWIFT_ACTIVE_COMPILATION_CONDITIONS = DEBUG;
				SWIFT_OPTIMIZATION_LEVEL = "-Onone";
			};
			name = Debug;
		};
		FE08166629F9DB1400C4A77C /* Release */ = {
			isa = XCBuildConfiguration;
			buildSettings = {
				ALWAYS_SEARCH_USER_PATHS = NO;
				CLANG_ANALYZER_NONNULL = YES;
				CLANG_ANALYZER_NUMBER_OBJECT_CONVERSION = YES_AGGRESSIVE;
				CLANG_CXX_LANGUAGE_STANDARD = "gnu++20";
				CLANG_ENABLE_MODULES = YES;
				CLANG_ENABLE_OBJC_ARC = YES;
				CLANG_ENABLE_OBJC_WEAK = YES;
				CLANG_WARN_BLOCK_CAPTURE_AUTORELEASING = YES;
				CLANG_WARN_BOOL_CONVERSION = YES;
				CLANG_WARN_COMMA = YES;
				CLANG_WARN_CONSTANT_CONVERSION = YES;
				CLANG_WARN_DEPRECATED_OBJC_IMPLEMENTATIONS = YES;
				CLANG_WARN_DIRECT_OBJC_ISA_USAGE = YES_ERROR;
				CLANG_WARN_DOCUMENTATION_COMMENTS = YES;
				CLANG_WARN_EMPTY_BODY = YES;
				CLANG_WARN_ENUM_CONVERSION = YES;
				CLANG_WARN_INFINITE_RECURSION = YES;
				CLANG_WARN_INT_CONVERSION = YES;
				CLANG_WARN_NON_LITERAL_NULL_CONVERSION = YES;
				CLANG_WARN_OBJC_IMPLICIT_RETAIN_SELF = YES;
				CLANG_WARN_OBJC_LITERAL_CONVERSION = YES;
				CLANG_WARN_OBJC_ROOT_CLASS = YES_ERROR;
				CLANG_WARN_QUOTED_INCLUDE_IN_FRAMEWORK_HEADER = YES;
				CLANG_WARN_RANGE_LOOP_ANALYSIS = YES;
				CLANG_WARN_STRICT_PROTOTYPES = YES;
				CLANG_WARN_SUSPICIOUS_MOVE = YES;
				CLANG_WARN_UNGUARDED_AVAILABILITY = YES_AGGRESSIVE;
				CLANG_WARN_UNREACHABLE_CODE = YES;
				CLANG_WARN__DUPLICATE_METHOD_MATCH = YES;
				COPY_PHASE_STRIP = NO;
				DEBUG_INFORMATION_FORMAT = "dwarf-with-dsym";
				ENABLE_NS_ASSERTIONS = NO;
				ENABLE_STRICT_OBJC_MSGSEND = YES;
				GCC_C_LANGUAGE_STANDARD = gnu11;
				GCC_NO_COMMON_BLOCKS = YES;
				GCC_WARN_64_TO_32_BIT_CONVERSION = YES;
				GCC_WARN_ABOUT_RETURN_TYPE = YES_ERROR;
				GCC_WARN_UNDECLARED_SELECTOR = YES;
				GCC_WARN_UNINITIALIZED_AUTOS = YES_AGGRESSIVE;
				GCC_WARN_UNUSED_FUNCTION = YES;
				GCC_WARN_UNUSED_VARIABLE = YES;
				IPHONEOS_DEPLOYMENT_TARGET = 16.4;
				MTL_ENABLE_DEBUG_INFO = NO;
				MTL_FAST_MATH = YES;
				SDKROOT = iphoneos;
				SWIFT_COMPILATION_MODE = wholemodule;
				SWIFT_OPTIMIZATION_LEVEL = "-O";
				VALIDATE_PRODUCT = YES;
			};
			name = Release;
		};
		FE08166829F9DB1400C4A77C /* Debug */ = {
			isa = XCBuildConfiguration;
			baseConfigurationReference = 122A3D2D5E2C270A7C9F6F1E /* Pods-TransectCompanion.debug.xcconfig */;
			buildSettings = {
				ASSETCATALOG_COMPILER_APPICON_NAME = AppIcon;
				ASSETCATALOG_COMPILER_GLOBAL_ACCENT_COLOR_NAME = AccentColor;
				CODE_SIGN_STYLE = Automatic;
				CURRENT_PROJECT_VERSION = 1;
				DEVELOPMENT_ASSET_PATHS = "\"TransectCompanion/Preview Content\"";
				DEVELOPMENT_TEAM = P45Q5NR6Q7;
				ENABLE_PREVIEWS = YES;
				GENERATE_INFOPLIST_FILE = YES;
				INFOPLIST_FILE = TransectCompanion/Info.plist;
				INFOPLIST_KEY_CFBundleDisplayName = "";
				INFOPLIST_KEY_LSApplicationCategoryType = "";
				INFOPLIST_KEY_NSLocationAlwaysAndWhenInUseUsageDescription = "Transect Companion needs your location to function";
				INFOPLIST_KEY_NSLocationWhenInUseUsageDescription = "Transect Companion needs your location to function";
				INFOPLIST_KEY_UIApplicationSceneManifest_Generation = YES;
				INFOPLIST_KEY_UIApplicationSupportsIndirectInputEvents = YES;
				INFOPLIST_KEY_UILaunchScreen_Generation = YES;
				INFOPLIST_KEY_UISupportedInterfaceOrientations_iPad = "UIInterfaceOrientationPortrait UIInterfaceOrientationPortraitUpsideDown UIInterfaceOrientationLandscapeLeft UIInterfaceOrientationLandscapeRight";
				INFOPLIST_KEY_UISupportedInterfaceOrientations_iPhone = "UIInterfaceOrientationPortrait UIInterfaceOrientationLandscapeLeft UIInterfaceOrientationLandscapeRight";
				LD_RUNPATH_SEARCH_PATHS = (
					"$(inherited)",
					"@executable_path/Frameworks",
				);
				MARKETING_VERSION = 1.0;
				PRODUCT_BUNDLE_IDENTIFIER = meester.TransectCompanion;
				PRODUCT_NAME = "$(TARGET_NAME)";
				SWIFT_EMIT_LOC_STRINGS = YES;
				SWIFT_VERSION = 5.0;
				TARGETED_DEVICE_FAMILY = "1,2";
			};
			name = Debug;
		};
		FE08166929F9DB1400C4A77C /* Release */ = {
			isa = XCBuildConfiguration;
			baseConfigurationReference = 43F4714484CD0F4D29E5F16E /* Pods-TransectCompanion.release.xcconfig */;
			buildSettings = {
				ASSETCATALOG_COMPILER_APPICON_NAME = AppIcon;
				ASSETCATALOG_COMPILER_GLOBAL_ACCENT_COLOR_NAME = AccentColor;
				CODE_SIGN_STYLE = Automatic;
				CURRENT_PROJECT_VERSION = 1;
				DEVELOPMENT_ASSET_PATHS = "\"TransectCompanion/Preview Content\"";
				DEVELOPMENT_TEAM = P45Q5NR6Q7;
				ENABLE_PREVIEWS = YES;
				GENERATE_INFOPLIST_FILE = YES;
				INFOPLIST_FILE = TransectCompanion/Info.plist;
				INFOPLIST_KEY_CFBundleDisplayName = "";
				INFOPLIST_KEY_LSApplicationCategoryType = "";
				INFOPLIST_KEY_NSLocationAlwaysAndWhenInUseUsageDescription = "Transect Companion needs your location to function";
				INFOPLIST_KEY_NSLocationWhenInUseUsageDescription = "Transect Companion needs your location to function";
				INFOPLIST_KEY_UIApplicationSceneManifest_Generation = YES;
				INFOPLIST_KEY_UIApplicationSupportsIndirectInputEvents = YES;
				INFOPLIST_KEY_UILaunchScreen_Generation = YES;
				INFOPLIST_KEY_UISupportedInterfaceOrientations_iPad = "UIInterfaceOrientationPortrait UIInterfaceOrientationPortraitUpsideDown UIInterfaceOrientationLandscapeLeft UIInterfaceOrientationLandscapeRight";
				INFOPLIST_KEY_UISupportedInterfaceOrientations_iPhone = "UIInterfaceOrientationPortrait UIInterfaceOrientationLandscapeLeft UIInterfaceOrientationLandscapeRight";
				LD_RUNPATH_SEARCH_PATHS = (
					"$(inherited)",
					"@executable_path/Frameworks",
				);
				MARKETING_VERSION = 1.0;
				PRODUCT_BUNDLE_IDENTIFIER = meester.TransectCompanion;
				PRODUCT_NAME = "$(TARGET_NAME)";
				SWIFT_EMIT_LOC_STRINGS = YES;
				SWIFT_VERSION = 5.0;
				TARGETED_DEVICE_FAMILY = "1,2";
			};
			name = Release;
		};
/* End XCBuildConfiguration section */

/* Begin XCConfigurationList section */
		FE08165429F9DB1300C4A77C /* Build configuration list for PBXProject "TransectCompanion" */ = {
			isa = XCConfigurationList;
			buildConfigurations = (
				FE08166529F9DB1400C4A77C /* Debug */,
				FE08166629F9DB1400C4A77C /* Release */,
			);
			defaultConfigurationIsVisible = 0;
			defaultConfigurationName = Release;
		};
		FE08166729F9DB1400C4A77C /* Build configuration list for PBXNativeTarget "TransectCompanion" */ = {
			isa = XCConfigurationList;
			buildConfigurations = (
				FE08166829F9DB1400C4A77C /* Debug */,
				FE08166929F9DB1400C4A77C /* Release */,
			);
			defaultConfigurationIsVisible = 0;
			defaultConfigurationName = Release;
		};
/* End XCConfigurationList section */
	};
	rootObject = FE08165129F9DB1300C4A77C /* Project object */;
}
